
Microsoft Visual Studio Solution File, Format Version 12.00
# Visual Studio Version 16
VisualStudioVersion = 16.0.28315.86
MinimumVisualStudioVersion = 10.0.40219.1
Project("{FAE04EC0-301F-11D3-BF4B-00C04F79EFBC}") = "Trippi_Alg", "Trippi_Alg\Trippi_Alg.csproj", "{9FD29F7D-1B36-4627-862A-E0EA2647B1A6}"
EndProject
Global
	GlobalSection(SolutionConfigurationPlatforms) = preSolution
		Debug|Any CPU = Debug|Any CPU
		Release|Any CPU = Release|Any CPU
	EndGlobalSection
	GlobalSection(ProjectConfigurationPlatforms) = postSolution
		{9FD29F7D-1B36-4627-862A-E0EA2647B1A6}.Debug|Any CPU.ActiveCfg = Debug|Any CPU
		{9FD29F7D-1B36-4627-862A-E0EA2647B1A6}.Debug|Any CPU.Build.0 = Debug|Any CPU
		{9FD29F7D-1B36-4627-862A-E0EA2647B1A6}.Release|Any CPU.ActiveCfg = Release|Any CPU
		{9FD29F7D-1B36-4627-862A-E0EA2647B1A6}.Release|Any CPU.Build.0 = Release|Any CPU
	EndGlobalSection
	GlobalSection(SolutionProperties) = preSolution
		HideSolutionNode = FALSE
	EndGlobalSection
	GlobalSection(ExtensibilityGlobals) = postSolution
		SolutionGuid = {832B5436-2688-407F-92CF-B4A22A340965}
	EndGlobalSection
EndGlobal
